# @generated - this file is auto-generated by `mise lock` https://mise.en.dev/dev-tools/mise-lock.html

[[tools.bun]]
version = "1.3.14"
backend = "core:bun"

[tools.bun."platforms.linux-arm64"]
checksum = "sha256:a27ffb63a8310375836e0d6f668ae17fa8d8d18b88c37c821c65331973a19a3b"
url = "https://github.com/oven-sh/bun/releases/download/bun-v1.3.14/bun-linux-aarch64.zip"

[tools.bun."platforms.linux-arm64-musl"]
checksum = "sha256:b98e0ad3625c5c00d1d5b5ff55605c7adddbfae151861e68ade57b2d3b8703bb"
url = "https://github.com/oven-sh/bun/releases/download/bun-v1.3.14/bun-linux-aarch64-musl.zip"

[tools.bun."platforms.linux-x64"]
checksum = "sha256:951ee2aee855f08595aeec6225226a298d3fea83a3dcd6465c09cbccdf7e848f"
url = "https://github.com/oven-sh/bun/releases/download/bun-v1.3.14/bun-linux-x64.zip"

[tools.bun."platforms.linux-x64-baseline"]
checksum = "sha256:a063908ae08b7852ca10939bbdc6ceed3ddabce8fb9402dce83d65d73b36e6c7"
url = "https://github.com/oven-sh/bun/releases/download/bun-v1.3.14/bun-linux-x64-baseline.zip"

[tools.bun."platforms.linux-x64-musl"]
checksum = "sha256:14bd9aedeebf1dba67e8def9531c89bc989ecfdf1de42e5bfcaf1b8cd9294719"
url = "https://github.com/oven-sh/bun/releases/download/bun-v1.3.14/bun-linux-x64-musl.zip"

[tools.bun."platforms.linux-x64-musl-baseline"]
checksum = "sha256:56a7d6806cf155536c0178f0ea5fbd098e684fa509ebdb4fc0a7e19fb65382dc"
url = "https://github.com/oven-sh/bun/releases/download/bun-v1.3.14/bun-linux-x64-musl-baseline.zip"

[tools.bun."platforms.macos-arm64"]
checksum = "sha256:d8b96221828ad6f97ac7ac0ab7e95872341af763001e8803e8267652c2652620"
url = "https://github.com/oven-sh/bun/releases/download/bun-v1.3.14/bun-darwin-aarch64.zip"

[tools.bun."platforms.macos-x64"]
checksum = "sha256:4183df3374623e5bab315c547cfa0974533cd457d86b73b639f7a87974cd6633"
url = "https://github.com/oven-sh/bun/releases/download/bun-v1.3.14/bun-darwin-x64.zip"

[tools.bun."platforms.macos-x64-baseline"]
checksum = "sha256:3e35ad6f53971a9834bf9e6786e2adf72b5f1921cc9a9c5fde073d2972944076"
url = "https://github.com/oven-sh/bun/releases/download/bun-v1.3.14/bun-darwin-x64-baseline.zip"

[tools.bun."platforms.windows-x64"]
checksum = "sha256:0a0620930b6675d7ba440e81f4e0e00d3cfbe096c4b140d3fff02205e9e18922"
url = "https://github.com/oven-sh/bun/releases/download/bun-v1.3.14/bun-windows-x64.zip"

[tools.bun."platforms.windows-x64-baseline"]
checksum = "sha256:538f9c846355d9e847b2671bc00c47da4229a0befb24df3282b739770f3b475f"
url = "https://github.com/oven-sh/bun/releases/download/bun-v1.3.14/bun-windows-x64-baseline.zip"

[[tools."github:luau-lang/lute"]]
version = "1.0.0"
backend = "github:luau-lang/lute"

[tools."github:luau-lang/lute"."platforms.linux-arm64"]
checksum = "sha256:78638a2013f38e365b31272b60853eb74dc0e0e425a71d806c4930ebd004b318"
url = "https://github.com/luau-lang/lute/releases/download/v1.0.0/lute-linux-aarch64.zip"
url_api = "https://api.github.com/repos/luau-lang/lute/releases/assets/398159053"
provenance = "github-attestations"

[tools."github:luau-lang/lute"."platforms.linux-arm64-musl"]
checksum = "sha256:78638a2013f38e365b31272b60853eb74dc0e0e425a71d806c4930ebd004b318"
url = "https://github.com/luau-lang/lute/releases/download/v1.0.0/lute-linux-aarch64.zip"
url_api = "https://api.github.com/repos/luau-lang/lute/releases/assets/398159053"
provenance = "github-attestations"

[tools."github:luau-lang/lute"."platforms.linux-x64"]
checksum = "sha256:de7a6dab06b21df572c49257ec24a4cf1ecd54fb854de856aa377a1188255c95"
url = "https://github.com/luau-lang/lute/releases/download/v1.0.0/lute-linux-x86_64.zip"
url_api = "https://api.github.com/repos/luau-lang/lute/releases/assets/398159005"
provenance = "github-attestations"

[tools."github:luau-lang/lute"."platforms.linux-x64-baseline"]
checksum = "sha256:de7a6dab06b21df572c49257ec24a4cf1ecd54fb854de856aa377a1188255c95"
url = "https://github.com/luau-lang/lute/releases/download/v1.0.0/lute-linux-x86_64.zip"
url_api = "https://api.github.com/repos/luau-lang/lute/releases/assets/398159005"
provenance = "github-attestations"

[tools."github:luau-lang/lute"."platforms.linux-x64-musl"]
checksum = "sha256:de7a6dab06b21df572c49257ec24a4cf1ecd54fb854de856aa377a1188255c95"
url = "https://github.com/luau-lang/lute/releases/download/v1.0.0/lute-linux-x86_64.zip"
url_api = "https://api.github.com/repos/luau-lang/lute/releases/assets/398159005"
provenance = "github-attestations"

[tools."github:luau-lang/lute"."platforms.linux-x64-musl-baseline"]
checksum = "sha256:de7a6dab06b21df572c49257ec24a4cf1ecd54fb854de856aa377a1188255c95"
url = "https://github.com/luau-lang/lute/releases/download/v1.0.0/lute-linux-x86_64.zip"
url_api = "https://api.github.com/repos/luau-lang/lute/releases/assets/398159005"
provenance = "github-attestations"

[tools."github:luau-lang/lute"."platforms.macos-arm64"]
checksum = "sha256:6d120b5d2804e62ab2453565e755d022bd6902307cabcd0fedb4cdcbd4251e84"
url = "https://github.com/luau-lang/lute/releases/download/v1.0.0/lute-macos-aarch64.zip"
url_api = "https://api.github.com/repos/luau-lang/lute/releases/assets/398159030"
provenance = "github-attestations"

[tools."github:luau-lang/lute"."platforms.windows-x64"]
checksum = "sha256:4f5de7cb1844d0df4e5796ad08d485ce7b6c35f7ba8d54046c7e7a12e7c28d92"
url = "https://github.com/luau-lang/lute/releases/download/v1.0.0/lute-windows-x86_64.zip"
url_api = "https://api.github.com/repos/luau-lang/lute/releases/assets/398159007"
provenance = "github-attestations"

[tools."github:luau-lang/lute"."platforms.windows-x64-baseline"]
checksum = "sha256:4f5de7cb1844d0df4e5796ad08d485ce7b6c35f7ba8d54046c7e7a12e7c28d92"
url = "https://github.com/luau-lang/lute/releases/download/v1.0.0/lute-windows-x86_64.zip"
url_api = "https://api.github.com/repos/luau-lang/lute/releases/assets/398159007"
provenance = "github-attestations"

[[tools.hk]]
version = "1.45.0"
backend = "aqua:jdx/hk"

[tools.hk."platforms.linux-arm64"]
checksum = "sha256:22293f9c742f0def32299689022891ced7c5c9d5024c91afd33a83e6f714686c"
url = "https://github.com/jdx/hk/releases/download/v1.45.0/hk-aarch64-unknown-linux-gnu.tar.gz"

[tools.hk."platforms.linux-arm64-musl"]
checksum = "sha256:81b64f76df8a399f926a4158bfcbef0fa28dcd60b40799b9474ca2ab21d89c02"
url = "https://github.com/jdx/hk/releases/download/v1.45.0/hk-aarch64-unknown-linux-musl.tar.gz"

[tools.hk."platforms.linux-x64"]
checksum = "sha256:47a3338403f689cc295d36213cfede4e1098c335d18064416ea9ac2b9739c148"
url = "https://github.com/jdx/hk/releases/download/v1.45.0/hk-x86_64-unknown-linux-gnu.tar.gz"

[tools.hk."platforms.linux-x64-baseline"]
checksum = "sha256:47a3338403f689cc295d36213cfede4e1098c335d18064416ea9ac2b9739c148"
url = "https://github.com/jdx/hk/releases/download/v1.45.0/hk-x86_64-unknown-linux-gnu.tar.gz"

[tools.hk."platforms.linux-x64-musl"]
checksum = "sha256:afdb201d251f35615f00f3880daa5a4e97d7948304473c259245a7123c0fedcf"
url = "https://github.com/jdx/hk/releases/download/v1.45.0/hk-x86_64-unknown-linux-musl.tar.gz"

[tools.hk."platforms.linux-x64-musl-baseline"]
checksum = "sha256:afdb201d251f35615f00f3880daa5a4e97d7948304473c259245a7123c0fedcf"
url = "https://github.com/jdx/hk/releases/download/v1.45.0/hk-x86_64-unknown-linux-musl.tar.gz"

[tools.hk."platforms.macos-arm64"]
checksum = "sha256:17bd1d9eccbfc894c4b0191871a964dc67df80c1bfbee072e5c12d4bb893a8a6"
url = "https://github.com/jdx/hk/releases/download/v1.45.0/hk-aarch64-apple-darwin.tar.gz"

[tools.hk."platforms.windows-x64"]
checksum = "sha256:94c7c460d05748524a96583b656e8dec31a11a30ce6a997b9a5b5d8ec4d1b7e7"
url = "https://github.com/jdx/hk/releases/download/v1.45.0/hk-x86_64-pc-windows-msvc.zip"

[tools.hk."platforms.windows-x64-baseline"]
checksum = "sha256:94c7c460d05748524a96583b656e8dec31a11a30ce6a997b9a5b5d8ec4d1b7e7"
url = "https://github.com/jdx/hk/releases/download/v1.45.0/hk-x86_64-pc-windows-msvc.zip"

[[tools.node]]
version = "24.15.0"
backend = "core:node"

[tools.node."platforms.linux-arm64"]
checksum = "sha256:73afc234d558c24919875f51c2d1ea002a2ada4ea6f83601a383869fefa64eed"
url = "https://nodejs.org/dist/v24.15.0/node-v24.15.0-linux-arm64.tar.gz"

[tools.node."platforms.linux-arm64-musl"]
checksum = "sha256:31e98aa960a067da91edffd5d93bc46657b5d2a8029612c359f5f2ac0060152a"
url = "https://unofficial-builds.nodejs.org/download/release/v24.15.0/node-v24.15.0-linux-arm64-musl.tar.gz"

[tools.node."platforms.linux-x64"]
checksum = "sha256:44836872d9aec49f1e6b52a9a922872db9a2b02d235a616a5681b6a85fec8d89"
url = "https://nodejs.org/dist/v24.15.0/node-v24.15.0-linux-x64.tar.gz"

[tools.node."platforms.linux-x64-baseline"]
checksum = "sha256:44836872d9aec49f1e6b52a9a922872db9a2b02d235a616a5681b6a85fec8d89"
url = "https://nodejs.org/dist/v24.15.0/node-v24.15.0-linux-x64.tar.gz"

[tools.node."platforms.linux-x64-musl"]
checksum = "sha256:f55af5bd489c5347b113ca6594cae00a54b30ba57ac5875324311bfc6f4762e3"
url = "https://unofficial-builds.nodejs.org/download/release/v24.15.0/node-v24.15.0-linux-x64-musl.tar.gz"

[tools.node."platforms.linux-x64-musl-baseline"]
checksum = "sha256:f55af5bd489c5347b113ca6594cae00a54b30ba57ac5875324311bfc6f4762e3"
url = "https://unofficial-builds.nodejs.org/download/release/v24.15.0/node-v24.15.0-linux-x64-musl.tar.gz"

[tools.node."platforms.macos-arm64"]
checksum = "sha256:372331b969779ab5d15b949884fc6eaf88d5afe87bde8ba881d6400b9100ffc4"
url = "https://nodejs.org/dist/v24.15.0/node-v24.15.0-darwin-arm64.tar.gz"

[tools.node."platforms.macos-x64"]
checksum = "sha256:ffd5ee293467927f3ee731a553eb88fd1f48cf74eebc2d74a6babe4af228673b"
url = "https://nodejs.org/dist/v24.15.0/node-v24.15.0-darwin-x64.tar.gz"

[tools.node."platforms.macos-x64-baseline"]
checksum = "sha256:ffd5ee293467927f3ee731a553eb88fd1f48cf74eebc2d74a6babe4af228673b"
url = "https://nodejs.org/dist/v24.15.0/node-v24.15.0-darwin-x64.tar.gz"

[tools.node."platforms.windows-x64"]
checksum = "sha256:cc5149eabd53779ce1e7bdc5401643622d0c7e6800ade18928a767e940bb0e62"
url = "https://nodejs.org/dist/v24.15.0/node-v24.15.0-win-x64.zip"

[tools.node."platforms.windows-x64-baseline"]
checksum = "sha256:cc5149eabd53779ce1e7bdc5401643622d0c7e6800ade18928a767e940bb0e62"
url = "https://nodejs.org/dist/v24.15.0/node-v24.15.0-win-x64.zip"

[[tools."npm:@antfu/ni"]]
version = "30.1.0"
backend = "npm:@antfu/ni"

[[tools."npm:eslint_d"]]
version = "15.0.2"
backend = "npm:eslint_d"

[[tools."npm:pncat"]]
version = "0.12.0"
backend = "npm:pncat"

[[tools."npm:vercel"]]
version = "53.1.1"
backend = "npm:vercel"

[[tools.pkl]]
version = "0.31.1"
backend = "aqua:apple/pkl"

[tools.pkl."platforms.linux-arm64"]
checksum = "sha256:7ef10e743daa921fb94ae7bdb9ec6986f362bf250c55814b9ea2aeb13f2d083e"
url = "https://github.com/apple/pkl/releases/download/0.31.1/pkl-linux-aarch64"

[tools.pkl."platforms.linux-arm64-musl"]
checksum = "sha256:7ef10e743daa921fb94ae7bdb9ec6986f362bf250c55814b9ea2aeb13f2d083e"
url = "https://github.com/apple/pkl/releases/download/0.31.1/pkl-linux-aarch64"

[tools.pkl."platforms.linux-x64"]
checksum = "sha256:618f13955d755cafbfe8c9cba1d27635848cd49dbc6abffd398d2751db1231bf"
url = "https://github.com/apple/pkl/releases/download/0.31.1/pkl-linux-amd64"

[tools.pkl."platforms.linux-x64-baseline"]
checksum = "sha256:618f13955d755cafbfe8c9cba1d27635848cd49dbc6abffd398d2751db1231bf"
url = "https://github.com/apple/pkl/releases/download/0.31.1/pkl-linux-amd64"

[tools.pkl."platforms.linux-x64-musl"]
checksum = "sha256:618f13955d755cafbfe8c9cba1d27635848cd49dbc6abffd398d2751db1231bf"
url = "https://github.com/apple/pkl/releases/download/0.31.1/pkl-linux-amd64"

[tools.pkl."platforms.linux-x64-musl-baseline"]
checksum = "sha256:618f13955d755cafbfe8c9cba1d27635848cd49dbc6abffd398d2751db1231bf"
url = "https://github.com/apple/pkl/releases/download/0.31.1/pkl-linux-amd64"

[tools.pkl."platforms.macos-arm64"]
checksum = "sha256:1b6a5438d9624cd2798a7530721bbbfa27ef72efe5c878a1b6c546c6e7ca0e8f"
url = "https://github.com/apple/pkl/releases/download/0.31.1/pkl-macos-aarch64"

[tools.pkl."platforms.macos-x64"]
checksum = "sha256:22123ed4ae4c03afa8c54c69f77f0bec39b0fa0f67b09d6d148e0a376a2a471d"
url = "https://github.com/apple/pkl/releases/download/0.31.1/pkl-macos-amd64"

[tools.pkl."platforms.macos-x64-baseline"]
checksum = "sha256:22123ed4ae4c03afa8c54c69f77f0bec39b0fa0f67b09d6d148e0a376a2a471d"
url = "https://github.com/apple/pkl/releases/download/0.31.1/pkl-macos-amd64"

[tools.pkl."platforms.windows-x64"]
checksum = "sha256:a8834481667325b44c539dbb758d7365a16389070f343c04b639bbe525ede013"
url = "https://github.com/apple/pkl/releases/download/0.31.1/pkl-windows-amd64.exe"

[tools.pkl."platforms.windows-x64-baseline"]
checksum = "sha256:a8834481667325b44c539dbb758d7365a16389070f343c04b639bbe525ede013"
url = "https://github.com/apple/pkl/releases/download/0.31.1/pkl-windows-amd64.exe"
